// !$*UTF8*$!
{
	archiveVersion = 1;
	classes = {
	};
	objectVersion = 46;
	objects = {

/* Begin PBXBuildFile section */
		8C21BB261F3044FA007A913B /* RegisterViewController.m in Sources */ = {isa = PBXBuildFile; fileRef = 8C21BB241F3044FA007A913B /* RegisterViewController.m */; };
		8C21BB271F3044FA007A913B /* RegisterViewController.xib in Resources */ = {isa = PBXBuildFile; fileRef = 8C21BB251F3044FA007A913B /* RegisterViewController.xib */; };
		8C21BB2D1F304D75007A913B /* TableViewCell1.m in Sources */ = {isa = PBXBuildFile; fileRef = 8C21BB2B1F304D75007A913B /* TableViewCell1.m */; };
		8C21BB321F306541007A913B /* TableViewCell2.m in Sources */ = {isa = PBXBuildFile; fileRef = 8C21BB301F306541007A913B /* TableViewCell2.m */; };
		8C21BB331F306541007A913B /* TableViewCell2.xib in Resources */ = {isa = PBXBuildFile; fileRef = 8C21BB311F306541007A913B /* TableViewCell2.xib */; };
		8C21BB371F30654E007A913B /* TableViewCell3.m in Sources */ = {isa = PBXBuildFile; fileRef = 8C21BB351F30654E007A913B /* TableViewCell3.m */; };
		8C21BB3C1F30657A007A913B /* TableViewCell4.m in Sources */ = {isa = PBXBuildFile; fileRef = 8C21BB3A1F30657A007A913B /* TableViewCell4.m */; };
		8C21BB3D1F30657A007A913B /* TableViewCell4.xib in Resources */ = {isa = PBXBuildFile; fileRef = 8C21BB3B1F30657A007A913B /* TableViewCell4.xib */; };
		8C21BB3F1F306617007A913B /* TableViewCell1.xib in Resources */ = {isa = PBXBuildFile; fileRef = 8C21BB3E1F306617007A913B /* TableViewCell1.xib */; };
		8C7E26BC1F2EFD6400767D18 /* main.m in Sources */ = {isa = PBXBuildFile; fileRef = 8C7E26BB1F2EFD6400767D18 /* main.m */; };
		8C7E26BF1F2EFD6400767D18 /* AppDelegate.m in Sources */ = {isa = PBXBuildFile; fileRef = 8C7E26BE1F2EFD6400767D18 /* AppDelegate.m */; };
		8C7E26C71F2EFD6400767D18 /* Assets.xcassets in Resources */ = {isa = PBXBuildFile; fileRef = 8C7E26C61F2EFD6400767D18 /* Assets.xcassets */; };
		8C7E26CA1F2EFD6400767D18 /* LaunchScreen.storyboard in Resources */ = {isa = PBXBuildFile; fileRef = 8C7E26C81F2EFD6400767D18 /* LaunchScreen.storyboard */; };
		8C7E26D41F2EFD9100767D18 /* MainViewController.m in Sources */ = {isa = PBXBuildFile; fileRef = 8C7E26D21F2EFD9100767D18 /* MainViewController.m */; };
		8C7E26D51F2EFD9100767D18 /* MainViewController.xib in Resources */ = {isa = PBXBuildFile; fileRef = 8C7E26D31F2EFD9100767D18 /* MainViewController.xib */; };
		8C7E26D71F2F04BA00767D18 /* MyTableViewCell.xib in Resources */ = {isa = PBXBuildFile; fileRef = 8C7E26D61F2F04BA00767D18 /* MyTableViewCell.xib */; };
		8C7E26DA1F2F053500767D18 /* MyTableViewCell.m in Sources */ = {isa = PBXBuildFile; fileRef = 8C7E26D91F2F053500767D18 /* MyTableViewCell.m */; };
		BC2047241F30B1F2001D4540 /* TableViewCell3.xib in Resources */ = {isa = PBXBuildFile; fileRef = BC2047231F30B1F2001D4540 /* TableViewCell3.xib */; };
/* End PBXBuildFile section */

/* Begin PBXFileReference section */
		8C21BB231F3044FA007A913B /* RegisterViewController.h */ = {isa = PBXFileReference; fileEncoding = 4; lastKnownFileType = sourcecode.c.h; path = RegisterViewController.h; sourceTree = "<group>"; };
		8C21BB241F3044FA007A913B /* RegisterViewController.m */ = {isa = PBXFileReference; fileEncoding = 4; lastKnownFileType = sourcecode.c.objc; path = RegisterViewController.m; sourceTree = "<group>"; };
		8C21BB251F3044FA007A913B /* RegisterViewController.xib */ = {isa = PBXFileReference; fileEncoding = 4; lastKnownFileType = file.xib; path = RegisterViewController.xib; sourceTree = "<group>"; };
		8C21BB2A1F304D75007A913B /* TableViewCell1.h */ = {isa = PBXFileReference; fileEncoding = 4; lastKnownFileType = sourcecode.c.h; path = TableViewCell1.h; sourceTree = "<group>"; };
		8C21BB2B1F304D75007A913B /* TableViewCell1.m */ = {isa = PBXFileReference; fileEncoding = 4; lastKnownFileType = sourcecode.c.objc; path = TableViewCell1.m; sourceTree = "<group>"; };
		8C21BB2F1F306541007A913B /* TableViewCell2.h */ = {isa = PBXFileReference; fileEncoding = 4; lastKnownFileType = sourcecode.c.h; path = TableViewCell2.h; sourceTree = "<group>"; };
		8C21BB301F306541007A913B /* TableViewCell2.m */ = {isa = PBXFileReference; fileEncoding = 4; lastKnownFileType = sourcecode.c.objc; path = TableViewCell2.m; sourceTree = "<group>"; };
		8C21BB311F306541007A913B /* TableViewCell2.xib */ = {isa = PBXFileReference; fileEncoding = 4; lastKnownFileType = file.xib; path = TableViewCell2.xib; sourceTree = "<group>"; };
		8C21BB341F30654E007A913B /* TableViewCell3.h */ = {isa = PBXFileReference; fileEncoding = 4; lastKnownFileType = sourcecode.c.h; path = TableViewCell3.h; sourceTree = "<group>"; };
		8C21BB351F30654E007A913B /* TableViewCell3.m */ = {isa = PBXFileReference; fileEncoding = 4; lastKnownFileType = sourcecode.c.objc; path = TableViewCell3.m; sourceTree = "<group>"; };
		8C21BB391F30657A007A913B /* TableViewCell4.h */ = {isa = PBXFileReference; fileEncoding = 4; lastKnownFileType = sourcecode.c.h; path = TableViewCell4.h; sourceTree = "<group>"; };
		8C21BB3A1F30657A007A913B /* TableViewCell4.m */ = {isa = PBXFileReference; fileEncoding = 4; lastKnownFileType = sourcecode.c.objc; path = TableViewCell4.m; sourceTree = "<group>"; };
		8C21BB3B1F30657A007A913B /* TableViewCell4.xib */ = {isa = PBXFileReference; fileEncoding = 4; lastKnownFileType = file.xib; path = TableViewCell4.xib; sourceTree = "<group>"; };
		8C21BB3E1F306617007A913B /* TableViewCell1.xib */ = {isa = PBXFileReference; fileEncoding = 4; lastKnownFileType = file.xib; path = TableViewCell1.xib; sourceTree = "<group>"; };
		8C7E26B71F2EFD6400767D18 /* MyUIDemo.app */ = {isa = PBXFileReference; explicitFileType = wrapper.application; includeInIndex = 0; path = MyUIDemo.app; sourceTree = BUILT_PRODUCTS_DIR; };
		8C7E26BB1F2EFD6400767D18 /* main.m */ = {isa = PBXFileReference; lastKnownFileType = sourcecode.c.objc; path = main.m; sourceTree = "<group>"; };
		8C7E26BD1F2EFD6400767D18 /* AppDelegate.h */ = {isa = PBXFileReference; lastKnownFileType = sourcecode.c.h; path = AppDelegate.h; sourceTree = "<group>"; };
		8C7E26BE1F2EFD6400767D18 /* AppDelegate.m */ = {isa = PBXFileReference; lastKnownFileType = sourcecode.c.objc; path = AppDelegate.m; sourceTree = "<group>"; };
		8C7E26C61F2EFD6400767D18 /* Assets.xcassets */ = {isa = PBXFileReference; lastKnownFileType = folder.assetcatalog; path = Assets.xcassets; sourceTree = "<group>"; };
		8C7E26C91F2EFD6400767D18 /* Base */ = {isa = PBXFileReference; lastKnownFileType = file.storyboard; name = Base; path = Base.lproj/LaunchScreen.storyboard; sourceTree = "<group>"; };
		8C7E26CB1F2EFD6400767D18 /* Info.plist */ = {isa = PBXFileReference; lastKnownFileType = text.plist.xml; path = Info.plist; sourceTree = "<group>"; };
		8C7E26D11F2EFD9100767D18 /* MainViewController.h */ = {isa = PBXFileReference; fileEncoding = 4; lastKnownFileType = sourcecode.c.h; path = MainViewController.h; sourceTree = "<group>"; };
		8C7E26D21F2EFD9100767D18 /* MainViewController.m */ = {isa = PBXFileReference; fileEncoding = 4; lastKnownFileType = sourcecode.c.objc; path = MainViewController.m; sourceTree = "<group>"; };
		8C7E26D31F2EFD9100767D18 /* MainViewController.xib */ = {isa = PBXFileReference; fileEncoding = 4; lastKnownFileType = file.xib; path = MainViewController.xib; sourceTree = "<group>"; };
		8C7E26D61F2F04BA00767D18 /* MyTableViewCell.xib */ = {isa = PBXFileReference; fileEncoding = 4; lastKnownFileType = file.xib; path = MyTableViewCell.xib; sourceTree = "<group>"; };
		8C7E26D81F2F053500767D18 /* MyTableViewCell.h */ = {isa = PBXFileReference; fileEncoding = 4; lastKnownFileType = sourcecode.c.h; path = MyTableViewCell.h; sourceTree = "<group>"; };
		8C7E26D91F2F053500767D18 /* MyTableViewCell.m */ = {isa = PBXFileReference; fileEncoding = 4; lastKnownFileType = sourcecode.c.objc; path = MyTableViewCell.m; sourceTree = "<group>"; };
		BC2047231F30B1F2001D4540 /* TableViewCell3.xib */ = {isa = PBXFileReference; fileEncoding = 4; lastKnownFileType = file.xib; path = TableViewCell3.xib; sourceTree = "<group>"; };
/* End PBXFileReference section */

/* Begin PBXFrameworksBuildPhase section */
		8C7E26B41F2EFD6400767D18 /* Frameworks */ = {
			isa = PBXFrameworksBuildPhase;
			buildActionMask = 2147483647;
			files = (
			);
			runOnlyForDeploymentPostprocessing = 0;
		};
/* End PBXFrameworksBuildPhase section */

/* Begin PBXGroup section */
		8C7E26AE1F2EFD6400767D18 = {
			isa = PBXGroup;
			children = (
				8C7E26B91F2EFD6400767D18 /* MyUIDemo */,
				8C7E26B81F2EFD6400767D18 /* Products */,
			);
			sourceTree = "<group>";
		};
		8C7E26B81F2EFD6400767D18 /* Products */ = {
			isa = PBXGroup;
			children = (
				8C7E26B71F2EFD6400767D18 /* MyUIDemo.app */,
			);
			name = Products;
			sourceTree = "<group>";
		};
		8C7E26B91F2EFD6400767D18 /* MyUIDemo */ = {
			isa = PBXGroup;
			children = (
				8C7E26BD1F2EFD6400767D18 /* AppDelegate.h */,
				8C7E26BE1F2EFD6400767D18 /* AppDelegate.m */,
				8C7E26BA1F2EFD6400767D18 /* Supporting Files */,
				8C7E26C61F2EFD6400767D18 /* Assets.xcassets */,
				8C7E26C81F2EFD6400767D18 /* LaunchScreen.storyboard */,
				8C7E26CB1F2EFD6400767D18 /* Info.plist */,
				8C7E26D11F2EFD9100767D18 /* MainViewController.h */,
				8C7E26D21F2EFD9100767D18 /* MainViewController.m */,
				8C7E26D31F2EFD9100767D18 /* MainViewController.xib */,
				8C7E26D61F2F04BA00767D18 /* MyTableViewCell.xib */,
				8C7E26D81F2F053500767D18 /* MyTableViewCell.h */,
				8C7E26D91F2F053500767D18 /* MyTableViewCell.m */,
				8C21BB231F3044FA007A913B /* RegisterViewController.h */,
				8C21BB241F3044FA007A913B /* RegisterViewController.m */,
				8C21BB251F3044FA007A913B /* RegisterViewController.xib */,
				8C21BB2A1F304D75007A913B /* TableViewCell1.h */,
				8C21BB2B1F304D75007A913B /* TableViewCell1.m */,
				8C21BB3E1F306617007A913B /* TableViewCell1.xib */,
				8C21BB2F1F306541007A913B /* TableViewCell2.h */,
				8C21BB301F306541007A913B /* TableViewCell2.m */,
				8C21BB311F306541007A913B /* TableViewCell2.xib */,
				8C21BB341F30654E007A913B /* TableViewCell3.h */,
				8C21BB351F30654E007A913B /* TableViewCell3.m */,
				BC2047231F30B1F2001D4540 /* TableViewCell3.xib */,
				8C21BB391F30657A007A913B /* TableViewCell4.h */,
				8C21BB3A1F30657A007A913B /* TableViewCell4.m */,
				8C21BB3B1F30657A007A913B /* TableViewCell4.xib */,
			);
			path = MyUIDemo;
			sourceTree = "<group>";
		};
		8C7E26BA1F2EFD6400767D18 /* Supporting Files */ = {
			isa = PBXGroup;
			children = (
				8C7E26BB1F2EFD6400767D18 /* main.m */,
			);
			name = "Supporting Files";
			sourceTree = "<group>";
		};
/* End PBXGroup section */

/* Begin PBXNativeTarget section */
		8C7E26B61F2EFD6400767D18 /* MyUIDemo */ = {
			isa = PBXNativeTarget;
			buildConfigurationList = 8C7E26CE1F2EFD6400767D18 /* Build configuration list for PBXNativeTarget "MyUIDemo" */;
			buildPhases = (
				8C7E26B31F2EFD6400767D18 /* Sources */,
				8C7E26B41F2EFD6400767D18 /* Frameworks */,
				8C7E26B51F2EFD6400767D18 /* Resources */,
			);
			buildRules = (
			);
			dependencies = (
			);
			name = MyUIDemo;
			productName = MyUIDemo;
			productReference = 8C7E26B71F2EFD6400767D18 /* MyUIDemo.app */;
			productType = "com.apple.product-type.application";
		};
/* End PBXNativeTarget section */

/* Begin PBXProject section */
		8C7E26AF1F2EFD6400767D18 /* Project object */ = {
			isa = PBXProject;
			attributes = {
				LastUpgradeCheck = 0830;
				ORGANIZATIONNAME = OOCL;
				TargetAttributes = {
					8C7E26B61F2EFD6400767D18 = {
						CreatedOnToolsVersion = 8.3.3;
						ProvisioningStyle = Automatic;
					};
				};
			};
			buildConfigurationList = 8C7E26B21F2EFD6400767D18 /* Build configuration list for PBXProject "MyUIDemo" */;
			compatibilityVersion = "Xcode 3.2";
			developmentRegion = English;
			hasScannedForEncodings = 0;
			knownRegions = (
				en,
				Base,
			);
			mainGroup = 8C7E26AE1F2EFD6400767D18;
			productRefGroup = 8C7E26B81F2EFD6400767D18 /* Products */;
			projectDirPath = "";
			projectRoot = "";
			targets = (
				8C7E26B61F2EFD6400767D18 /* MyUIDemo */,
			);
		};
/* End PBXProject section */

/* Begin PBXResourcesBuildPhase section */
		8C7E26B51F2EFD6400767D18 /* Resources */ = {
			isa = PBXResourcesBuildPhase;
			buildActionMask = 2147483647;
			files = (
				8C7E26CA1F2EFD6400767D18 /* LaunchScreen.storyboard in Resources */,
				8C21BB3D1F30657A007A913B /* TableViewCell4.xib in Resources */,
				8C21BB271F3044FA007A913B /* RegisterViewController.xib in Resources */,
				BC2047241F30B1F2001D4540 /* TableViewCell3.xib in Resources */,
				8C21BB331F306541007A913B /* TableViewCell2.xib in Resources */,
				8C21BB3F1F306617007A913B /* TableViewCell1.xib in Resources */,
				8C7E26D71F2F04BA00767D18 /* MyTableViewCell.xib in Resources */,
				8C7E26D51F2EFD9100767D18 /* MainViewController.xib in Resources */,
				8C7E26C71F2EFD6400767D18 /* Assets.xcassets in Resources */,
			);
			runOnlyForDeploymentPostprocessing = 0;
		};
/* End PBXResourcesBuildPhase section */

/* Begin PBXSourcesBuildPhase section */
		8C7E26B31F2EFD6400767D18 /* Sources */ = {
			isa = PBXSourcesBuildPhase;
			buildActionMask = 2147483647;
			files = (
				8C21BB261F3044FA007A913B /* RegisterViewController.m in Sources */,
				8C21BB371F30654E007A913B /* TableViewCell3.m in Sources */,
				8C21BB321F306541007A913B /* TableViewCell2.m in Sources */,
				8C7E26BF1F2EFD6400767D18 /* AppDelegate.m in Sources */,
				8C7E26BC1F2EFD6400767D18 /* main.m in Sources */,
				8C21BB2D1F304D75007A913B /* TableViewCell1.m in Sources */,
				8C21BB3C1F30657A007A913B /* TableViewCell4.m in Sources */,
				8C7E26D41F2EFD9100767D18 /* MainViewController.m in Sources */,
				8C7E26DA1F2F053500767D18 /* MyTableViewCell.m in Sources */,
			);
			runOnlyForDeploymentPostprocessing = 0;
		};
/* End PBXSourcesBuildPhase section */

/* Begin PBXVariantGroup section */
		8C7E26C81F2EFD6400767D18 /* LaunchScreen.storyboard */ = {
			isa = PBXVariantGroup;
			children = (
				8C7E26C91F2EFD6400767D18 /* Base */,
			);
			name = LaunchScreen.storyboard;
			sourceTree = "<group>";
		};
/* End PBXVariantGroup section */

/* Begin XCBuildConfiguration section */
		8C7E26CC1F2EFD6400767D18 /* Debug */ = {
			isa = XCBuildConfiguration;
			buildSettings = {
				ALWAYS_SEARCH_USER_PATHS = NO;
				CLANG_ANALYZER_NONNULL = YES;
				CLANG_ANALYZER_NUMBER_OBJECT_CONVERSION = YES_AGGRESSIVE;
				CLANG_CXX_LANGUAGE_STANDARD = "gnu++0x";
				CLANG_CXX_LIBRARY = "libc++";
				CLANG_ENABLE_MODULES = YES;
				CLANG_ENABLE_OBJC_ARC = YES;
				CLANG_WARN_BOOL_CONVERSION = YES;
				CLANG_WARN_CONSTANT_CONVERSION = YES;
				CLANG_WARN_DIRECT_OBJC_ISA_USAGE = YES_ERROR;
				CLANG_WARN_DOCUMENTATION_COMMENTS = YES;
				CLANG_WARN_EMPTY_BODY = YES;
				CLANG_WARN_ENUM_CONVERSION = YES;
				CLANG_WARN_INFINITE_RECURSION = YES;
				CLANG_WARN_INT_CONVERSION = YES;
				CLANG_WARN_OBJC_ROOT_CLASS = YES_ERROR;
				CLANG_WARN_SUSPICIOUS_MOVE = YES;
				CLANG_WARN_UNREACHABLE_CODE = YES;
				CLANG_WARN__DUPLICATE_METHOD_MATCH = YES;
				"CODE_SIGN_IDENTITY[sdk=iphoneos*]" = "iPhone Developer";
				COPY_PHASE_STRIP = NO;
				DEBUG_INFORMATION_FORMAT = dwarf;
				ENABLE_STRICT_OBJC_MSGSEND = YES;
				ENABLE_TESTABILITY = YES;
				GCC_C_LANGUAGE_STANDARD = gnu99;
				GCC_DYNAMIC_NO_PIC = NO;
				GCC_NO_COMMON_BLOCKS = YES;
				GCC_OPTIMIZATION_LEVEL = 0;
				GCC_PREPROCESSOR_DEFINITIONS = (
					"DEBUG=1",
					"$(inherited)",
				);
				GCC_WARN_64_TO_32_BIT_CONVERSION = YES;
				GCC_WARN_ABOUT_RETURN_TYPE = YES_ERROR;
				GCC_WARN_UNDECLARED_SELECTOR = YES;
				GCC_WARN_UNINITIALIZED_AUTOS = YES_AGGRESSIVE;
				GCC_WARN_UNUSED_FUNCTION = YES;
				GCC_WARN_UNUSED_VARIABLE = YES;
				IPHONEOS_DEPLOYMENT_TARGET = 10.3;
				MTL_ENABLE_DEBUG_INFO = YES;
				ONLY_ACTIVE_ARCH = YES;
				SDKROOT = iphoneos;
			};
			name = Debug;
		};
		8C7E26CD1F2EFD6400767D18 /* Release */ = {
			isa = XCBuildConfiguration;
			buildSettings = {
				ALWAYS_SEARCH_USER_PATHS = NO;
				CLANG_ANALYZER_NONNULL = YES;
				CLANG_ANALYZER_NUMBER_OBJECT_CONVERSION = YES_AGGRESSIVE;
				CLANG_CXX_LANGUAGE_STANDARD = "gnu++0x";
				CLANG_CXX_LIBRARY = "libc++";
				CLANG_ENABLE_MODULES = YES;
				CLANG_ENABLE_OBJC_ARC = YES;
				CLANG_WARN_BOOL_CONVERSION = YES;
				CLANG_WARN_CONSTANT_CONVERSION = YES;
				CLANG_WARN_DIRECT_OBJC_ISA_USAGE = YES_ERROR;
				CLANG_WARN_DOCUMENTATION_COMMENTS = YES;
				CLANG_WARN_EMPTY_BODY = YES;
				CLANG_WARN_ENUM_CONVERSION = YES;
				CLANG_WARN_INFINITE_RECURSION = YES;
				CLANG_WARN_INT_CONVERSION = YES;
				CLANG_WARN_OBJC_ROOT_CLASS = YES_ERROR;
				CLANG_WARN_SUSPICIOUS_MOVE = YES;
				CLANG_WARN_UNREACHABLE_CODE = YES;
				CLANG_WARN__DUPLICATE_METHOD_MATCH = YES;
				"CODE_SIGN_IDENTITY[sdk=iphoneos*]" = "iPhone Developer";
				COPY_PHASE_STRIP = NO;
				DEBUG_INFORMATION_FORMAT = "dwarf-with-dsym";
				ENABLE_NS_ASSERTIONS = NO;
				ENABLE_STRICT_OBJC_MSGSEND = YES;
				GCC_C_LANGUAGE_STANDARD = gnu99;
				GCC_NO_COMMON_BLOCKS = YES;
				GCC_WARN_64_TO_32_BIT_CONVERSION = YES;
				GCC_WARN_ABOUT_RETURN_TYPE = YES_ERROR;
				GCC_WARN_UNDECLARED_SELECTOR = YES;
				GCC_WARN_UNINITIALIZED_AUTOS = YES_AGGRESSIVE;
				GCC_WARN_UNUSED_FUNCTION = YES;
				GCC_WARN_UNUSED_VARIABLE = YES;
				IPHONEOS_DEPLOYMENT_TARGET = 10.3;
				MTL_ENABLE_DEBUG_INFO = NO;
				SDKROOT = iphoneos;
				VALIDATE_PRODUCT = YES;
			};
			name = Release;
		};
		8C7E26CF1F2EFD6400767D18 /* Debug */ = {
			isa = XCBuildConfiguration;
			buildSettings = {
				ASSETCATALOG_COMPILER_APPICON_NAME = AppIcon;
				INFOPLIST_FILE = MyUIDemo/Info.plist;
				LD_RUNPATH_SEARCH_PATHS = "$(inherited) @executable_path/Frameworks";
				PRODUCT_BUNDLE_IDENTIFIER = gary.MyUIDemo;
				PRODUCT_NAME = "$(TARGET_NAME)";
			};
			name = Debug;
		};
		8C7E26D01F2EFD6400767D18 /* Release */ = {
			isa = XCBuildConfiguration;
			buildSettings = {
				ASSETCATALOG_COMPILER_APPICON_NAME = AppIcon;
				INFOPLIST_FILE = MyUIDemo/Info.plist;
				LD_RUNPATH_SEARCH_PATHS = "$(inherited) @executable_path/Frameworks";
				PRODUCT_BUNDLE_IDENTIFIER = gary.MyUIDemo;
				PRODUCT_NAME = "$(TARGET_NAME)";
			};
			name = Release;
		};
/* End XCBuildConfiguration section */

/* Begin XCConfigurationList section */
		8C7E26B21F2EFD6400767D18 /* Build configuration list for PBXProject "MyUIDemo" */ = {
			isa = XCConfigurationList;
			buildConfigurations = (
				8C7E26CC1F2EFD6400767D18 /* Debug */,
				8C7E26CD1F2EFD6400767D18 /* Release */,
			);
			defaultConfigurationIsVisible = 0;
			defaultConfigurationName = Release;
		};
		8C7E26CE1F2EFD6400767D18 /* Build configuration list for PBXNativeTarget "MyUIDemo" */ = {
			isa = XCConfigurationList;
			buildConfigurations = (
				8C7E26CF1F2EFD6400767D18 /* Debug */,
				8C7E26D01F2EFD6400767D18 /* Release */,
			);
			defaultConfigurationIsVisible = 0;
			defaultConfigurationName = Release;
		};
/* End XCConfigurationList section */
	};
	rootObject = 8C7E26AF1F2EFD6400767D18 /* Project object */;
}
