// !$*UTF8*$!
{
	archiveVersion = 1;
	classes = {
	};
	objectVersion = 46;
	objects = {

/* Begin PBXBuildFile section */
		8C50E4901F203A7C00965057 /* main.m in Sources */ = {isa = PBXBuildFile; fileRef = 8C50E48F1F203A7C00965057 /* main.m */; };
		8C50E4981F2046A300965057 /* A.m in Sources */ = {isa = PBXBuildFile; fileRef = 8C50E4971F2046A300965057 /* A.m */; };
		8C50E49B1F2046B200965057 /* B.m in Sources */ = {isa = PBXBuildFile; fileRef = 8C50E49A1F2046B200965057 /* B.m */; };
/* End PBXBuildFile section */

/* Begin PBXCopyFilesBuildPhase section */
		8C50E48A1F203A7B00965057 /* CopyFiles */ = {
			isa = PBXCopyFilesBuildPhase;
			buildActionMask = 2147483647;
			dstPath = /usr/share/man/man1/;
			dstSubfolderSpec = 0;
			files = (
			);
			runOnlyForDeploymentPostprocessing = 1;
		};
/* End PBXCopyFilesBuildPhase section */

/* Begin PBXFileReference section */
		8C50E48C1F203A7B00965057 /* DelegateTest */ = {isa = PBXFileReference; explicitFileType = "compiled.mach-o.executable"; includeInIndex = 0; path = DelegateTest; sourceTree = BUILT_PRODUCTS_DIR; };
		8C50E48F1F203A7C00965057 /* main.m */ = {isa = PBXFileReference; lastKnownFileType = sourcecode.c.objc; path = main.m; sourceTree = "<group>"; };
		8C50E4961F2046A300965057 /* A.h */ = {isa = PBXFileReference; fileEncoding = 4; lastKnownFileType = sourcecode.c.h; path = A.h; sourceTree = "<group>"; };
		8C50E4971F2046A300965057 /* A.m */ = {isa = PBXFileReference; fileEncoding = 4; lastKnownFileType = sourcecode.c.objc; path = A.m; sourceTree = "<group>"; };
		8C50E4991F2046B200965057 /* B.h */ = {isa = PBXFileReference; fileEncoding = 4; lastKnownFileType = sourcecode.c.h; path = B.h; sourceTree = "<group>"; };
		8C50E49A1F2046B200965057 /* B.m */ = {isa = PBXFileReference; fileEncoding = 4; lastKnownFileType = sourcecode.c.objc; path = B.m; sourceTree = "<group>"; };
		8C50E49C1F2046CC00965057 /* FuncDelegate.h */ = {isa = PBXFileReference; fileEncoding = 4; lastKnownFileType = sourcecode.c.h; path = FuncDelegate.h; sourceTree = "<group>"; };
/* End PBXFileReference section */

/* Begin PBXFrameworksBuildPhase section */
		8C50E4891F203A7B00965057 /* Frameworks */ = {
			isa = PBXFrameworksBuildPhase;
			buildActionMask = 2147483647;
			files = (
			);
			runOnlyForDeploymentPostprocessing = 0;
		};
/* End PBXFrameworksBuildPhase section */

/* Begin PBXGroup section */
		8C50E4831F203A7B00965057 = {
			isa = PBXGroup;
			children = (
				8C50E48E1F203A7B00965057 /* DelegateTest */,
				8C50E48D1F203A7B00965057 /* Products */,
			);
			sourceTree = "<group>";
		};
		8C50E48D1F203A7B00965057 /* Products */ = {
			isa = PBXGroup;
			children = (
				8C50E48C1F203A7B00965057 /* DelegateTest */,
			);
			name = Products;
			sourceTree = "<group>";
		};
		8C50E48E1F203A7B00965057 /* DelegateTest */ = {
			isa = PBXGroup;
			children = (
				8C50E48F1F203A7C00965057 /* main.m */,
				8C50E4961F2046A300965057 /* A.h */,
				8C50E4971F2046A300965057 /* A.m */,
				8C50E4991F2046B200965057 /* B.h */,
				8C50E49A1F2046B200965057 /* B.m */,
				8C50E49C1F2046CC00965057 /* FuncDelegate.h */,
			);
			path = DelegateTest;
			sourceTree = "<group>";
		};
/* End PBXGroup section */

/* Begin PBXNativeTarget section */
		8C50E48B1F203A7B00965057 /* DelegateTest */ = {
			isa = PBXNativeTarget;
			buildConfigurationList = 8C50E4931F203A7C00965057 /* Build configuration list for PBXNativeTarget "DelegateTest" */;
			buildPhases = (
				8C50E4881F203A7B00965057 /* Sources */,
				8C50E4891F203A7B00965057 /* Frameworks */,
				8C50E48A1F203A7B00965057 /* CopyFiles */,
			);
			buildRules = (
			);
			dependencies = (
			);
			name = DelegateTest;
			productName = DelegateTest;
			productReference = 8C50E48C1F203A7B00965057 /* DelegateTest */;
			productType = "com.apple.product-type.tool";
		};
/* End PBXNativeTarget section */

/* Begin PBXProject section */
		8C50E4841F203A7B00965057 /* Project object */ = {
			isa = PBXProject;
			attributes = {
				LastUpgradeCheck = 0730;
				ORGANIZATIONNAME = "GARY WU (MBC-ISD-OOCLL/ZHA)";
				TargetAttributes = {
					8C50E48B1F203A7B00965057 = {
						CreatedOnToolsVersion = 7.3.1;
					};
				};
			};
			buildConfigurationList = 8C50E4871F203A7B00965057 /* Build configuration list for PBXProject "DelegateTest" */;
			compatibilityVersion = "Xcode 3.2";
			developmentRegion = English;
			hasScannedForEncodings = 0;
			knownRegions = (
				en,
			);
			mainGroup = 8C50E4831F203A7B00965057;
			productRefGroup = 8C50E48D1F203A7B00965057 /* Products */;
			projectDirPath = "";
			projectRoot = "";
			targets = (
				8C50E48B1F203A7B00965057 /* DelegateTest */,
			);
		};
/* End PBXProject section */

/* Begin PBXSourcesBuildPhase section */
		8C50E4881F203A7B00965057 /* Sources */ = {
			isa = PBXSourcesBuildPhase;
			buildActionMask = 2147483647;
			files = (
				8C50E49B1F2046B200965057 /* B.m in Sources */,
				8C50E4901F203A7C00965057 /* main.m in Sources */,
				8C50E4981F2046A300965057 /* A.m in Sources */,
			);
			runOnlyForDeploymentPostprocessing = 0;
		};
/* End PBXSourcesBuildPhase section */

/* Begin XCBuildConfiguration section */
		8C50E4911F203A7C00965057 /* Debug */ = {
			isa = XCBuildConfiguration;
			buildSettings = {
				ALWAYS_SEARCH_USER_PATHS = NO;
				CLANG_ANALYZER_NONNULL = YES;
				CLANG_CXX_LANGUAGE_STANDARD = "gnu++0x";
				CLANG_CXX_LIBRARY = "libc++";
				CLANG_ENABLE_MODULES = YES;
				CLANG_ENABLE_OBJC_ARC = YES;
				CLANG_WARN_BOOL_CONVERSION = YES;
				CLANG_WARN_CONSTANT_CONVERSION = YES;
				CLANG_WARN_DIRECT_OBJC_ISA_USAGE = YES_ERROR;
				CLANG_WARN_EMPTY_BODY = YES;
				CLANG_WARN_ENUM_CONVERSION = YES;
				CLANG_WARN_INT_CONVERSION = YES;
				CLANG_WARN_OBJC_ROOT_CLASS = YES_ERROR;
				CLANG_WARN_UNREACHABLE_CODE = YES;
				CLANG_WARN__DUPLICATE_METHOD_MATCH = YES;
				CODE_SIGN_IDENTITY = "-";
				COPY_PHASE_STRIP = NO;
				DEBUG_INFORMATION_FORMAT = dwarf;
				ENABLE_STRICT_OBJC_MSGSEND = YES;
				ENABLE_TESTABILITY = YES;
				GCC_C_LANGUAGE_STANDARD = gnu99;
				GCC_DYNAMIC_NO_PIC = NO;
				GCC_NO_COMMON_BLOCKS = YES;
				GCC_OPTIMIZATION_LEVEL = 0;
				GCC_PREPROCESSOR_DEFINITIONS = (
					"DEBUG=1",
					"$(inherited)",
				);
				GCC_WARN_64_TO_32_BIT_CONVERSION = YES;
				GCC_WARN_ABOUT_RETURN_TYPE = YES_ERROR;
				GCC_WARN_UNDECLARED_SELECTOR = YES;
				GCC_WARN_UNINITIALIZED_AUTOS = YES_AGGRESSIVE;
				GCC_WARN_UNUSED_FUNCTION = YES;
				GCC_WARN_UNUSED_VARIABLE = YES;
				MACOSX_DEPLOYMENT_TARGET = 10.11;
				MTL_ENABLE_DEBUG_INFO = YES;
				ONLY_ACTIVE_ARCH = YES;
				SDKROOT = macosx;
			};
			name = Debug;
		};
		8C50E4921F203A7C00965057 /* Release */ = {
			isa = XCBuildConfiguration;
			buildSettings = {
				ALWAYS_SEARCH_USER_PATHS = NO;
				CLANG_ANALYZER_NONNULL = YES;
				CLANG_CXX_LANGUAGE_STANDARD = "gnu++0x";
				CLANG_CXX_LIBRARY = "libc++";
				CLANG_ENABLE_MODULES = YES;
				CLANG_ENABLE_OBJC_ARC = YES;
				CLANG_WARN_BOOL_CONVERSION = YES;
				CLANG_WARN_CONSTANT_CONVERSION = YES;
				CLANG_WARN_DIRECT_OBJC_ISA_USAGE = YES_ERROR;
				CLANG_WARN_EMPTY_BODY = YES;
				CLANG_WARN_ENUM_CONVERSION = YES;
				CLANG_WARN_INT_CONVERSION = YES;
				CLANG_WARN_OBJC_ROOT_CLASS = YES_ERROR;
				CLANG_WARN_UNREACHABLE_CODE = YES;
				CLANG_WARN__DUPLICATE_METHOD_MATCH = YES;
				CODE_SIGN_IDENTITY = "-";
				COPY_PHASE_STRIP = NO;
				DEBUG_INFORMATION_FORMAT = "dwarf-with-dsym";
				ENABLE_NS_ASSERTIONS = NO;
				ENABLE_STRICT_OBJC_MSGSEND = YES;
				GCC_C_LANGUAGE_STANDARD = gnu99;
				GCC_NO_COMMON_BLOCKS = YES;
				GCC_WARN_64_TO_32_BIT_CONVERSION = YES;
				GCC_WARN_ABOUT_RETURN_TYPE = YES_ERROR;
				GCC_WARN_UNDECLARED_SELECTOR = YES;
				GCC_WARN_UNINITIALIZED_AUTOS = YES_AGGRESSIVE;
				GCC_WARN_UNUSED_FUNCTION = YES;
				GCC_WARN_UNUSED_VARIABLE = YES;
				MACOSX_DEPLOYMENT_TARGET = 10.11;
				MTL_ENABLE_DEBUG_INFO = NO;
				SDKROOT = macosx;
			};
			name = Release;
		};
		8C50E4941F203A7C00965057 /* Debug */ = {
			isa = XCBuildConfiguration;
			buildSettings = {
				PRODUCT_NAME = "$(TARGET_NAME)";
			};
			name = Debug;
		};
		8C50E4951F203A7C00965057 /* Release */ = {
			isa = XCBuildConfiguration;
			buildSettings = {
				PRODUCT_NAME = "$(TARGET_NAME)";
			};
			name = Release;
		};
/* End XCBuildConfiguration section */

/* Begin XCConfigurationList section */
		8C50E4871F203A7B00965057 /* Build configuration list for PBXProject "DelegateTest" */ = {
			isa = XCConfigurationList;
			buildConfigurations = (
				8C50E4911F203A7C00965057 /* Debug */,
				8C50E4921F203A7C00965057 /* Release */,
			);
			defaultConfigurationIsVisible = 0;
			defaultConfigurationName = Release;
		};
		8C50E4931F203A7C00965057 /* Build configuration list for PBXNativeTarget "DelegateTest" */ = {
			isa = XCConfigurationList;
			buildConfigurations = (
				8C50E4941F203A7C00965057 /* Debug */,
				8C50E4951F203A7C00965057 /* Release */,
			);
			defaultConfigurationIsVisible = 0;
		};
/* End XCConfigurationList section */
	};
	rootObject = 8C50E4841F203A7B00965057 /* Project object */;
}
